
Microsoft Visual Studio Solution File, Format Version 12.00
# Visual Studio Version 17
VisualStudioVersion = 17.8.34330.188
MinimumVisualStudioVersion = 10.0.40219.1
Project("{2150E333-8FDC-42A3-9474-1A3956D46DE8}") = "BuildingBlocks", "BuildingBlocks", "{57292170-C42F-4E53-964C-6CFE293C6C5C}"
EndProject
Project("{2150E333-8FDC-42A3-9474-1A3956D46DE8}") = "Services", "Services", "{39CA4F18-80FD-4AAF-BCF3-08F4ADA8DE56}"
EndProject
Project("{2150E333-8FDC-42A3-9474-1A3956D46DE8}") = "Diet", "Diet", "{6E9FF562-6C55-4B2F-B684-11857C654D4F}"
EndProject
Project("{2150E333-8FDC-42A3-9474-1A3956D46DE8}") = "Waste", "Waste", "{BE4A870C-8573-4827-BF08-FEDDB268153C}"
EndProject
Project("{9A19103F-16F7-4668-BE54-9A1E7A4F7556}") = "Waste.API", "Services\Waste\Waste.API\Waste.API.csproj", "{A7E3D286-EA07-4DBD-BBA3-7C8E20BA53AA}"
EndProject
Project("{9A19103F-16F7-4668-BE54-9A1E7A4F7556}") = "Waste.Domain", "Services\Waste\Waste.Domain\Waste.Domain.csproj", "{92182B63-E5B1-4D0E-9B6B-2B007C0C2173}"
EndProject
Project("{9A19103F-16F7-4668-BE54-9A1E7A4F7556}") = "Waste.Application", "Services\Waste\Waste.Application\Waste.Application.csproj", "{D7B37B21-D7AD-4FA2-8907-DF90B4C01F3A}"
EndProject
Project("{9A19103F-16F7-4668-BE54-9A1E7A4F7556}") = "Waste.Infrastructure", "Services\Waste\Waste.Infrastructure\Waste.Infrastructure.csproj", "{9364D6D7-D8F7-43C4-9D33-5B1506816184}"
EndProject
Project("{9A19103F-16F7-4668-BE54-9A1E7A4F7556}") = "Diet.API", "Services\Diet\Diet.API\Diet.API.csproj", "{F7EE0109-8C9F-45B5-9EA1-4235D0C0B60E}"
EndProject
Project("{9A19103F-16F7-4668-BE54-9A1E7A4F7556}") = "Diet.Application", "Services\Diet\Diet.Application\Diet.Application.csproj", "{86883F50-09D9-4D4D-B82D-DA37C8034CE2}"
EndProject
Project("{9A19103F-16F7-4668-BE54-9A1E7A4F7556}") = "Diet.Domain", "Services\Diet\Diet.Domain\Diet.Domain.csproj", "{A656A079-1089-4AC1-A320-1FD8A9007A9A}"
EndProject
Project("{9A19103F-16F7-4668-BE54-9A1E7A4F7556}") = "Diet.Infrastructure", "Services\Diet\Diet.Infrastructure\Diet.Infrastructure.csproj", "{F13ED665-AA5F-44CB-B0F0-73C8D63CE3ED}"
EndProject
Project("{E53339B2-1760-4266-BCC7-CA923CBCF16C}") = "docker-compose", "docker-compose.dcproj", "{B40E49E7-E202-4AE1-AF18-3462E6D81A07}"
EndProject
Project("{9A19103F-16F7-4668-BE54-9A1E7A4F7556}") = "BuildingBlocks", "BuildingBlocks\BuildingBlocks\BuildingBlocks.csproj", "{1E0A10DC-DBCF-4014-A2F6-9DC699E46A3F}"
EndProject
Project("{9A19103F-16F7-4668-BE54-9A1E7A4F7556}") = "BuildingBlocks.Messaging", "BuildingBlocks\BuildingBlocks.Messaging\BuildingBlocks.Messaging.csproj", "{37C0BAB6-72EB-4969-99D0-7F5FF4256A64}"
EndProject
Project("{2150E333-8FDC-42A3-9474-1A3956D46DE8}") = "ApiGateways", "ApiGateways", "{BA1727A9-9FE0-48B3-B94A-71171F35A565}"
EndProject
Project("{9A19103F-16F7-4668-BE54-9A1E7A4F7556}") = "YarpApiGateway", "ApiGateways\YarpApiGateway\YarpApiGateway.csproj", "{7212E3A0-3EC7-4B62-9800-18E8864EBCD9}"
EndProject
Project("{2150E333-8FDC-42A3-9474-1A3956D46DE8}") = "Prescription", "Prescription", "{7632429F-F617-4E1D-B374-9D13F4DD52BB}"
Project("{2150E333-8FDC-42A3-9474-1A3956D46DE8}") = "Visit", "Visit", "{BFA2588D-17B6-43B1-9DA1-5A881879A832}"
EndProject
Project("{9A19103F-16F7-4668-BE54-9A1E7A4F7556}") = "Prescription.Application", "Services\Prescription\Prescription.Application\Prescription.Application.csproj", "{BECCFE4A-5326-49A6-ACAD-DD8D19990974}"
EndProject
Project("{9A19103F-16F7-4668-BE54-9A1E7A4F7556}") = "Prescription.Domain", "Services\Prescription\Prescription.Domain\Prescription.Domain.csproj", "{86920683-38A6-45B1-862B-3274C45BB442}"
EndProject
Project("{9A19103F-16F7-4668-BE54-9A1E7A4F7556}") = "Prescription.Infrastructure", "Services\Prescription\Prescription.Infrastructure\Prescription.Infrastructure.csproj", "{E5E1D194-2659-4271-8467-FD91D7DED06B}"
EndProject
Project("{2150E333-8FDC-42A3-9474-1A3956D46DE8}") = "BacPatient", "BacPatient", "{B70BFFB6-D648-46F7-84D6-B1293E3B4848}"
EndProject
Project("{9A19103F-16F7-4668-BE54-9A1E7A4F7556}") = "BacPatient.Api", "Services\BacPatient\BacPatient.Api\BacPatient.Api.csproj", "{DF07D975-38C0-4B5D-8097-771B3567A2EC}"
EndProject
Project("{9A19103F-16F7-4668-BE54-9A1E7A4F7556}") = "BacPatient.Application", "Services\BacPatient\BacPatient.Application\BacPatient.Application.csproj", "{E6A1AA08-BAE3-4B20-B433-B3DC5C53E8DF}"
EndProject
Project("{9A19103F-16F7-4668-BE54-9A1E7A4F7556}") = "BacPatient.Domain", "Services\BacPatient\BacPatient.Domain\BacPatient.Domain.csproj", "{9CE610B6-9478-45E9-B09D-9A8E13F81424}"
EndProject
Project("{9A19103F-16F7-4668-BE54-9A1E7A4F7556}") = "BacPatient.Infrastructure", "Services\BacPatient\BacPatient.Infrastructure\BacPatient.Infrastructure.csproj", "{49A027F2-0D26-481F-95D9-5E97247F1E12}"
EndProject
Project("{FAE04EC0-301F-11D3-BF4B-00C04F79EFBC}") = "Prescription.API", "Services\Prescription\Prescription.API\Prescription.API.csproj", "{0AAFCE58-223B-43FF-923D-BD651A3F7CAC}"
EndProject
Project("{2150E333-8FDC-42A3-9474-1A3956D46DE8}") = "Medication", "Medication", "{96991B5D-E14C-4B87-B150-2FC212E48628}"
EndProject
Project("{9A19103F-16F7-4668-BE54-9A1E7A4F7556}") = "Medication.Domain", "Services\Medication\Medication.Domain\Medication.Domain.csproj", "{5294ECC3-2AD8-43D7-B83D-E85B4749030C}"
EndProject
Project("{9A19103F-16F7-4668-BE54-9A1E7A4F7556}") = "Medication.Application", "Services\Medication\Medication.Application\Medication.Application.csproj", "{8258A691-56FE-4B21-9EAE-3B9CCC3C0681}"
EndProject
Project("{9A19103F-16F7-4668-BE54-9A1E7A4F7556}") = "Medication.Infrastructure", "Services\Medication\Medication.Infrastructure\Medication.Infrastructure.csproj", "{8230D7B2-4D7A-454D-A796-8C6553469234}"
EndProject
Project("{9A19103F-16F7-4668-BE54-9A1E7A4F7556}") = "Medication.API", "Services\Medication\Medication.API\Medication.API.csproj", "{CAB6D685-5BAA-4D28-9E8D-0D9432AAA2C6}"
EndProject
Project("{2150E333-8FDC-42A3-9474-1A3956D46DE8}") = "Visit", "Visit", "{BFA2588D-17B6-43B1-9DA1-5A881879A832}"
EndProject
Project("{9A19103F-16F7-4668-BE54-9A1E7A4F7556}") = "Visit.API", "Services\Visit\Visit.API\Visit.API.csproj", "{AC431F97-FC25-4932-B17C-F347443EC325}"
EndProject
Project("{9A19103F-16F7-4668-BE54-9A1E7A4F7556}") = "Visit.Application", "Services\Visit\Visit.Application\Visit.Application.csproj", "{BEC983D2-0217-4FFD-A658-33262A89EF4B}"
EndProject
Project("{9A19103F-16F7-4668-BE54-9A1E7A4F7556}") = "Visit.Domain", "Services\Visit\Visit.Domain\Visit.Domain.csproj", "{854A8909-1365-4949-B0FB-12A9B5DE05BE}"
EndProject
Project("{9A19103F-16F7-4668-BE54-9A1E7A4F7556}") = "Visit.Infrastructure", "Services\Visit\Visit.Infrastructure\Visit.Infrastructure.csproj", "{98B4520E-4170-4538-B48F-57F16B46D572}"
EndProject
Global
	GlobalSection(SolutionConfigurationPlatforms) = preSolution
		Debug|Any CPU = Debug|Any CPU
		Release|Any CPU = Release|Any CPU
	EndGlobalSection
	GlobalSection(ProjectConfigurationPlatforms) = postSolution
		{A7E3D286-EA07-4DBD-BBA3-7C8E20BA53AA}.Debug|Any CPU.ActiveCfg = Debug|Any CPU
		{A7E3D286-EA07-4DBD-BBA3-7C8E20BA53AA}.Debug|Any CPU.Build.0 = Debug|Any CPU
		{A7E3D286-EA07-4DBD-BBA3-7C8E20BA53AA}.Release|Any CPU.ActiveCfg = Release|Any CPU
		{A7E3D286-EA07-4DBD-BBA3-7C8E20BA53AA}.Release|Any CPU.Build.0 = Release|Any CPU
		{92182B63-E5B1-4D0E-9B6B-2B007C0C2173}.Debug|Any CPU.ActiveCfg = Debug|Any CPU
		{92182B63-E5B1-4D0E-9B6B-2B007C0C2173}.Debug|Any CPU.Build.0 = Debug|Any CPU
		{92182B63-E5B1-4D0E-9B6B-2B007C0C2173}.Release|Any CPU.ActiveCfg = Release|Any CPU
		{92182B63-E5B1-4D0E-9B6B-2B007C0C2173}.Release|Any CPU.Build.0 = Release|Any CPU
		{D7B37B21-D7AD-4FA2-8907-DF90B4C01F3A}.Debug|Any CPU.ActiveCfg = Debug|Any CPU
		{D7B37B21-D7AD-4FA2-8907-DF90B4C01F3A}.Debug|Any CPU.Build.0 = Debug|Any CPU
		{D7B37B21-D7AD-4FA2-8907-DF90B4C01F3A}.Release|Any CPU.ActiveCfg = Release|Any CPU
		{D7B37B21-D7AD-4FA2-8907-DF90B4C01F3A}.Release|Any CPU.Build.0 = Release|Any CPU
		{9364D6D7-D8F7-43C4-9D33-5B1506816184}.Debug|Any CPU.ActiveCfg = Debug|Any CPU
		{9364D6D7-D8F7-43C4-9D33-5B1506816184}.Debug|Any CPU.Build.0 = Debug|Any CPU
		{9364D6D7-D8F7-43C4-9D33-5B1506816184}.Release|Any CPU.ActiveCfg = Release|Any CPU
		{9364D6D7-D8F7-43C4-9D33-5B1506816184}.Release|Any CPU.Build.0 = Release|Any CPU
		{F7EE0109-8C9F-45B5-9EA1-4235D0C0B60E}.Debug|Any CPU.ActiveCfg = Debug|Any CPU
		{F7EE0109-8C9F-45B5-9EA1-4235D0C0B60E}.Debug|Any CPU.Build.0 = Debug|Any CPU
		{F7EE0109-8C9F-45B5-9EA1-4235D0C0B60E}.Release|Any CPU.ActiveCfg = Release|Any CPU
		{F7EE0109-8C9F-45B5-9EA1-4235D0C0B60E}.Release|Any CPU.Build.0 = Release|Any CPU
		{86883F50-09D9-4D4D-B82D-DA37C8034CE2}.Debug|Any CPU.ActiveCfg = Debug|Any CPU
		{86883F50-09D9-4D4D-B82D-DA37C8034CE2}.Debug|Any CPU.Build.0 = Debug|Any CPU
		{86883F50-09D9-4D4D-B82D-DA37C8034CE2}.Release|Any CPU.ActiveCfg = Release|Any CPU
		{86883F50-09D9-4D4D-B82D-DA37C8034CE2}.Release|Any CPU.Build.0 = Release|Any CPU
		{A656A079-1089-4AC1-A320-1FD8A9007A9A}.Debug|Any CPU.ActiveCfg = Debug|Any CPU
		{A656A079-1089-4AC1-A320-1FD8A9007A9A}.Debug|Any CPU.Build.0 = Debug|Any CPU
		{A656A079-1089-4AC1-A320-1FD8A9007A9A}.Release|Any CPU.ActiveCfg = Release|Any CPU
		{A656A079-1089-4AC1-A320-1FD8A9007A9A}.Release|Any CPU.Build.0 = Release|Any CPU
		{F13ED665-AA5F-44CB-B0F0-73C8D63CE3ED}.Debug|Any CPU.ActiveCfg = Debug|Any CPU
		{F13ED665-AA5F-44CB-B0F0-73C8D63CE3ED}.Debug|Any CPU.Build.0 = Debug|Any CPU
		{F13ED665-AA5F-44CB-B0F0-73C8D63CE3ED}.Release|Any CPU.ActiveCfg = Release|Any CPU
		{F13ED665-AA5F-44CB-B0F0-73C8D63CE3ED}.Release|Any CPU.Build.0 = Release|Any CPU
		{B40E49E7-E202-4AE1-AF18-3462E6D81A07}.Debug|Any CPU.ActiveCfg = Debug|Any CPU
		{B40E49E7-E202-4AE1-AF18-3462E6D81A07}.Debug|Any CPU.Build.0 = Debug|Any CPU
		{B40E49E7-E202-4AE1-AF18-3462E6D81A07}.Release|Any CPU.ActiveCfg = Release|Any CPU
		{B40E49E7-E202-4AE1-AF18-3462E6D81A07}.Release|Any CPU.Build.0 = Release|Any CPU
		{1E0A10DC-DBCF-4014-A2F6-9DC699E46A3F}.Debug|Any CPU.ActiveCfg = Debug|Any CPU
		{1E0A10DC-DBCF-4014-A2F6-9DC699E46A3F}.Debug|Any CPU.Build.0 = Debug|Any CPU
		{1E0A10DC-DBCF-4014-A2F6-9DC699E46A3F}.Release|Any CPU.ActiveCfg = Release|Any CPU
		{1E0A10DC-DBCF-4014-A2F6-9DC699E46A3F}.Release|Any CPU.Build.0 = Release|Any CPU
		{37C0BAB6-72EB-4969-99D0-7F5FF4256A64}.Debug|Any CPU.ActiveCfg = Debug|Any CPU
		{37C0BAB6-72EB-4969-99D0-7F5FF4256A64}.Debug|Any CPU.Build.0 = Debug|Any CPU
		{37C0BAB6-72EB-4969-99D0-7F5FF4256A64}.Release|Any CPU.ActiveCfg = Release|Any CPU
		{37C0BAB6-72EB-4969-99D0-7F5FF4256A64}.Release|Any CPU.Build.0 = Release|Any CPU
		{7212E3A0-3EC7-4B62-9800-18E8864EBCD9}.Debug|Any CPU.ActiveCfg = Debug|Any CPU
		{7212E3A0-3EC7-4B62-9800-18E8864EBCD9}.Debug|Any CPU.Build.0 = Debug|Any CPU
		{7212E3A0-3EC7-4B62-9800-18E8864EBCD9}.Release|Any CPU.ActiveCfg = Release|Any CPU
		{7212E3A0-3EC7-4B62-9800-18E8864EBCD9}.Release|Any CPU.Build.0 = Release|Any CPU
		{DF07D975-38C0-4B5D-8097-771B3567A2EC}.Debug|Any CPU.ActiveCfg = Debug|Any CPU
		{DF07D975-38C0-4B5D-8097-771B3567A2EC}.Debug|Any CPU.Build.0 = Debug|Any CPU
		{DF07D975-38C0-4B5D-8097-771B3567A2EC}.Release|Any CPU.ActiveCfg = Release|Any CPU
		{DF07D975-38C0-4B5D-8097-771B3567A2EC}.Release|Any CPU.Build.0 = Release|Any CPU
		{E6A1AA08-BAE3-4B20-B433-B3DC5C53E8DF}.Debug|Any CPU.ActiveCfg = Debug|Any CPU
		{E6A1AA08-BAE3-4B20-B433-B3DC5C53E8DF}.Debug|Any CPU.Build.0 = Debug|Any CPU
		{E6A1AA08-BAE3-4B20-B433-B3DC5C53E8DF}.Release|Any CPU.ActiveCfg = Release|Any CPU
		{E6A1AA08-BAE3-4B20-B433-B3DC5C53E8DF}.Release|Any CPU.Build.0 = Release|Any CPU
		{9CE610B6-9478-45E9-B09D-9A8E13F81424}.Debug|Any CPU.ActiveCfg = Debug|Any CPU
		{9CE610B6-9478-45E9-B09D-9A8E13F81424}.Debug|Any CPU.Build.0 = Debug|Any CPU
		{9CE610B6-9478-45E9-B09D-9A8E13F81424}.Release|Any CPU.ActiveCfg = Release|Any CPU
		{9CE610B6-9478-45E9-B09D-9A8E13F81424}.Release|Any CPU.Build.0 = Release|Any CPU
		{49A027F2-0D26-481F-95D9-5E97247F1E12}.Debug|Any CPU.ActiveCfg = Debug|Any CPU
		{49A027F2-0D26-481F-95D9-5E97247F1E12}.Debug|Any CPU.Build.0 = Debug|Any CPU
		{49A027F2-0D26-481F-95D9-5E97247F1E12}.Release|Any CPU.ActiveCfg = Release|Any CPU
		{49A027F2-0D26-481F-95D9-5E97247F1E12}.Release|Any CPU.Build.0 = Release|Any CPU
		{BECCFE4A-5326-49A6-ACAD-DD8D19990974}.Debug|Any CPU.ActiveCfg = Debug|Any CPU
		{BECCFE4A-5326-49A6-ACAD-DD8D19990974}.Debug|Any CPU.Build.0 = Debug|Any CPU
		{BECCFE4A-5326-49A6-ACAD-DD8D19990974}.Release|Any CPU.ActiveCfg = Release|Any CPU
		{BECCFE4A-5326-49A6-ACAD-DD8D19990974}.Release|Any CPU.Build.0 = Release|Any CPU
		{86920683-38A6-45B1-862B-3274C45BB442}.Debug|Any CPU.ActiveCfg = Debug|Any CPU
		{86920683-38A6-45B1-862B-3274C45BB442}.Debug|Any CPU.Build.0 = Debug|Any CPU
		{86920683-38A6-45B1-862B-3274C45BB442}.Release|Any CPU.ActiveCfg = Release|Any CPU
		{86920683-38A6-45B1-862B-3274C45BB442}.Release|Any CPU.Build.0 = Release|Any CPU
		{E5E1D194-2659-4271-8467-FD91D7DED06B}.Debug|Any CPU.ActiveCfg = Debug|Any CPU
		{E5E1D194-2659-4271-8467-FD91D7DED06B}.Debug|Any CPU.Build.0 = Debug|Any CPU
		{E5E1D194-2659-4271-8467-FD91D7DED06B}.Release|Any CPU.ActiveCfg = Release|Any CPU
		{E5E1D194-2659-4271-8467-FD91D7DED06B}.Release|Any CPU.Build.0 = Release|Any CPU
		{DF07D975-38C0-4B5D-8097-771B3567A2EC}.Debug|Any CPU.ActiveCfg = Debug|Any CPU
		{DF07D975-38C0-4B5D-8097-771B3567A2EC}.Debug|Any CPU.Build.0 = Debug|Any CPU
		{DF07D975-38C0-4B5D-8097-771B3567A2EC}.Release|Any CPU.ActiveCfg = Release|Any CPU
		{DF07D975-38C0-4B5D-8097-771B3567A2EC}.Release|Any CPU.Build.0 = Release|Any CPU
		{E6A1AA08-BAE3-4B20-B433-B3DC5C53E8DF}.Debug|Any CPU.ActiveCfg = Debug|Any CPU
		{E6A1AA08-BAE3-4B20-B433-B3DC5C53E8DF}.Debug|Any CPU.Build.0 = Debug|Any CPU
		{E6A1AA08-BAE3-4B20-B433-B3DC5C53E8DF}.Release|Any CPU.ActiveCfg = Release|Any CPU
		{E6A1AA08-BAE3-4B20-B433-B3DC5C53E8DF}.Release|Any CPU.Build.0 = Release|Any CPU
		{9CE610B6-9478-45E9-B09D-9A8E13F81424}.Debug|Any CPU.ActiveCfg = Debug|Any CPU
		{9CE610B6-9478-45E9-B09D-9A8E13F81424}.Debug|Any CPU.Build.0 = Debug|Any CPU
		{9CE610B6-9478-45E9-B09D-9A8E13F81424}.Release|Any CPU.ActiveCfg = Release|Any CPU
		{9CE610B6-9478-45E9-B09D-9A8E13F81424}.Release|Any CPU.Build.0 = Release|Any CPU
		{49A027F2-0D26-481F-95D9-5E97247F1E12}.Debug|Any CPU.ActiveCfg = Debug|Any CPU
		{49A027F2-0D26-481F-95D9-5E97247F1E12}.Debug|Any CPU.Build.0 = Debug|Any CPU
		{49A027F2-0D26-481F-95D9-5E97247F1E12}.Release|Any CPU.ActiveCfg = Release|Any CPU
		{49A027F2-0D26-481F-95D9-5E97247F1E12}.Release|Any CPU.Build.0 = Release|Any CPU
		{0AAFCE58-223B-43FF-923D-BD651A3F7CAC}.Debug|Any CPU.ActiveCfg = Debug|Any CPU
		{0AAFCE58-223B-43FF-923D-BD651A3F7CAC}.Debug|Any CPU.Build.0 = Debug|Any CPU
		{0AAFCE58-223B-43FF-923D-BD651A3F7CAC}.Release|Any CPU.ActiveCfg = Release|Any CPU
		{0AAFCE58-223B-43FF-923D-BD651A3F7CAC}.Release|Any CPU.Build.0 = Release|Any CPU
		{5294ECC3-2AD8-43D7-B83D-E85B4749030C}.Debug|Any CPU.ActiveCfg = Debug|Any CPU
		{5294ECC3-2AD8-43D7-B83D-E85B4749030C}.Debug|Any CPU.Build.0 = Debug|Any CPU
		{5294ECC3-2AD8-43D7-B83D-E85B4749030C}.Release|Any CPU.ActiveCfg = Release|Any CPU
		{5294ECC3-2AD8-43D7-B83D-E85B4749030C}.Release|Any CPU.Build.0 = Release|Any CPU
		{8258A691-56FE-4B21-9EAE-3B9CCC3C0681}.Debug|Any CPU.ActiveCfg = Debug|Any CPU
		{8258A691-56FE-4B21-9EAE-3B9CCC3C0681}.Debug|Any CPU.Build.0 = Debug|Any CPU
		{8258A691-56FE-4B21-9EAE-3B9CCC3C0681}.Release|Any CPU.ActiveCfg = Release|Any CPU
		{8258A691-56FE-4B21-9EAE-3B9CCC3C0681}.Release|Any CPU.Build.0 = Release|Any CPU
		{8230D7B2-4D7A-454D-A796-8C6553469234}.Debug|Any CPU.ActiveCfg = Debug|Any CPU
		{8230D7B2-4D7A-454D-A796-8C6553469234}.Debug|Any CPU.Build.0 = Debug|Any CPU
		{8230D7B2-4D7A-454D-A796-8C6553469234}.Release|Any CPU.ActiveCfg = Release|Any CPU
		{8230D7B2-4D7A-454D-A796-8C6553469234}.Release|Any CPU.Build.0 = Release|Any CPU
		{CAB6D685-5BAA-4D28-9E8D-0D9432AAA2C6}.Debug|Any CPU.ActiveCfg = Debug|Any CPU
		{CAB6D685-5BAA-4D28-9E8D-0D9432AAA2C6}.Debug|Any CPU.Build.0 = Debug|Any CPU
		{CAB6D685-5BAA-4D28-9E8D-0D9432AAA2C6}.Release|Any CPU.ActiveCfg = Release|Any CPU
		{CAB6D685-5BAA-4D28-9E8D-0D9432AAA2C6}.Release|Any CPU.Build.0 = Release|Any CPU
		{AC431F97-FC25-4932-B17C-F347443EC325}.Debug|Any CPU.ActiveCfg = Debug|Any CPU
		{AC431F97-FC25-4932-B17C-F347443EC325}.Debug|Any CPU.Build.0 = Debug|Any CPU
		{AC431F97-FC25-4932-B17C-F347443EC325}.Release|Any CPU.ActiveCfg = Release|Any CPU
		{AC431F97-FC25-4932-B17C-F347443EC325}.Release|Any CPU.Build.0 = Release|Any CPU
		{BEC983D2-0217-4FFD-A658-33262A89EF4B}.Debug|Any CPU.ActiveCfg = Debug|Any CPU
		{BEC983D2-0217-4FFD-A658-33262A89EF4B}.Debug|Any CPU.Build.0 = Debug|Any CPU
		{BEC983D2-0217-4FFD-A658-33262A89EF4B}.Release|Any CPU.ActiveCfg = Release|Any CPU
		{BEC983D2-0217-4FFD-A658-33262A89EF4B}.Release|Any CPU.Build.0 = Release|Any CPU
		{854A8909-1365-4949-B0FB-12A9B5DE05BE}.Debug|Any CPU.ActiveCfg = Debug|Any CPU
		{854A8909-1365-4949-B0FB-12A9B5DE05BE}.Debug|Any CPU.Build.0 = Debug|Any CPU
		{854A8909-1365-4949-B0FB-12A9B5DE05BE}.Release|Any CPU.ActiveCfg = Release|Any CPU
		{854A8909-1365-4949-B0FB-12A9B5DE05BE}.Release|Any CPU.Build.0 = Release|Any CPU
		{98B4520E-4170-4538-B48F-57F16B46D572}.Debug|Any CPU.ActiveCfg = Debug|Any CPU
		{98B4520E-4170-4538-B48F-57F16B46D572}.Debug|Any CPU.Build.0 = Debug|Any CPU
		{98B4520E-4170-4538-B48F-57F16B46D572}.Release|Any CPU.ActiveCfg = Release|Any CPU
		{98B4520E-4170-4538-B48F-57F16B46D572}.Release|Any CPU.Build.0 = Release|Any CPU
	EndGlobalSection
	GlobalSection(SolutionProperties) = preSolution
		HideSolutionNode = FALSE
	EndGlobalSection
	GlobalSection(NestedProjects) = preSolution
		{6E9FF562-6C55-4B2F-B684-11857C654D4F} = {39CA4F18-80FD-4AAF-BCF3-08F4ADA8DE56}
		{BE4A870C-8573-4827-BF08-FEDDB268153C} = {39CA4F18-80FD-4AAF-BCF3-08F4ADA8DE56}
		{A7E3D286-EA07-4DBD-BBA3-7C8E20BA53AA} = {BE4A870C-8573-4827-BF08-FEDDB268153C}
		{92182B63-E5B1-4D0E-9B6B-2B007C0C2173} = {BE4A870C-8573-4827-BF08-FEDDB268153C}
		{D7B37B21-D7AD-4FA2-8907-DF90B4C01F3A} = {BE4A870C-8573-4827-BF08-FEDDB268153C}
		{9364D6D7-D8F7-43C4-9D33-5B1506816184} = {BE4A870C-8573-4827-BF08-FEDDB268153C}
		{F7EE0109-8C9F-45B5-9EA1-4235D0C0B60E} = {6E9FF562-6C55-4B2F-B684-11857C654D4F}
		{86883F50-09D9-4D4D-B82D-DA37C8034CE2} = {6E9FF562-6C55-4B2F-B684-11857C654D4F}
		{A656A079-1089-4AC1-A320-1FD8A9007A9A} = {6E9FF562-6C55-4B2F-B684-11857C654D4F}
		{F13ED665-AA5F-44CB-B0F0-73C8D63CE3ED} = {6E9FF562-6C55-4B2F-B684-11857C654D4F}
		{1E0A10DC-DBCF-4014-A2F6-9DC699E46A3F} = {57292170-C42F-4E53-964C-6CFE293C6C5C}
		{37C0BAB6-72EB-4969-99D0-7F5FF4256A64} = {57292170-C42F-4E53-964C-6CFE293C6C5C}
		{7212E3A0-3EC7-4B62-9800-18E8864EBCD9} = {BA1727A9-9FE0-48B3-B94A-71171F35A565}
		{7632429F-F617-4E1D-B374-9D13F4DD52BB} = {39CA4F18-80FD-4AAF-BCF3-08F4ADA8DE56}
		{BECCFE4A-5326-49A6-ACAD-DD8D19990974} = {7632429F-F617-4E1D-B374-9D13F4DD52BB}
		{86920683-38A6-45B1-862B-3274C45BB442} = {7632429F-F617-4E1D-B374-9D13F4DD52BB}
		{E5E1D194-2659-4271-8467-FD91D7DED06B} = {7632429F-F617-4E1D-B374-9D13F4DD52BB}
		{B70BFFB6-D648-46F7-84D6-B1293E3B4848} = {39CA4F18-80FD-4AAF-BCF3-08F4ADA8DE56}
		{DF07D975-38C0-4B5D-8097-771B3567A2EC} = {B70BFFB6-D648-46F7-84D6-B1293E3B4848}
		{E6A1AA08-BAE3-4B20-B433-B3DC5C53E8DF} = {B70BFFB6-D648-46F7-84D6-B1293E3B4848}
		{9CE610B6-9478-45E9-B09D-9A8E13F81424} = {B70BFFB6-D648-46F7-84D6-B1293E3B4848}
		{49A027F2-0D26-481F-95D9-5E97247F1E12} = {B70BFFB6-D648-46F7-84D6-B1293E3B4848}
		{0AAFCE58-223B-43FF-923D-BD651A3F7CAC} = {7632429F-F617-4E1D-B374-9D13F4DD52BB}
		{96991B5D-E14C-4B87-B150-2FC212E48628} = {39CA4F18-80FD-4AAF-BCF3-08F4ADA8DE56}
		{5294ECC3-2AD8-43D7-B83D-E85B4749030C} = {96991B5D-E14C-4B87-B150-2FC212E48628}
		{8258A691-56FE-4B21-9EAE-3B9CCC3C0681} = {96991B5D-E14C-4B87-B150-2FC212E48628}
		{8230D7B2-4D7A-454D-A796-8C6553469234} = {96991B5D-E14C-4B87-B150-2FC212E48628}
		{CAB6D685-5BAA-4D28-9E8D-0D9432AAA2C6} = {96991B5D-E14C-4B87-B150-2FC212E48628}
		{BFA2588D-17B6-43B1-9DA1-5A881879A832} = {39CA4F18-80FD-4AAF-BCF3-08F4ADA8DE56}
		{AC431F97-FC25-4932-B17C-F347443EC325} = {BFA2588D-17B6-43B1-9DA1-5A881879A832}
		{BEC983D2-0217-4FFD-A658-33262A89EF4B} = {BFA2588D-17B6-43B1-9DA1-5A881879A832}
		{854A8909-1365-4949-B0FB-12A9B5DE05BE} = {BFA2588D-17B6-43B1-9DA1-5A881879A832}
		{98B4520E-4170-4538-B48F-57F16B46D572} = {BFA2588D-17B6-43B1-9DA1-5A881879A832}
	EndGlobalSection
	GlobalSection(ExtensibilityGlobals) = postSolution
		SolutionGuid = {78EAC569-7962-4714-8D31-E25EC45A4573}
	EndGlobalSection
EndGlobal
